<?xml version="1.0" encoding="utf-8"?>
<Project ToolsVersion="4.0" xmlns="http://schemas.microsoft.com/developer/msbuild/2003">
  <ItemGroup>
    <Filter Include="D_Doom">
      <UniqueIdentifier>{487d44de-d952-41e8-a658-9e02c032a151}</UniqueIdentifier>
    </Filter>
    <Filter Include="F_Finale">
      <UniqueIdentifier>{2d1710e9-469e-4341-8272-12db835169f0}</UniqueIdentifier>
    </Filter>
    <Filter Include="G_Game">
      <UniqueIdentifier>{24930aff-3180-4733-9069-75192de2b8f6}</UniqueIdentifier>
    </Filter>
    <Filter Include="H_Hud">
      <UniqueIdentifier>{42321ccc-f799-438f-8b5a-369ef9ca8b75}</UniqueIdentifier>
    </Filter>
    <Filter Include="I_Interface">
      <UniqueIdentifier>{48bb781f-67b5-4a42-8b53-bf40b4d485a5}</UniqueIdentifier>
    </Filter>
    <Filter Include="M_Misc">
      <UniqueIdentifier>{8308bb5b-5988-4947-917f-d781ed215fa5}</UniqueIdentifier>
    </Filter>
    <Filter Include="P_Player">
      <UniqueIdentifier>{354a30f7-bf4d-4f17-8006-9936743d8f23}</UniqueIdentifier>
    </Filter>
    <Filter Include="R_Render">
      <UniqueIdentifier>{3e2ca2af-ff7e-4880-98e3-35010ec0151b}</UniqueIdentifier>
    </Filter>
    <Filter Include="S_Sounds">
      <UniqueIdentifier>{9a55ea81-30a7-44e4-b943-ffb382625962}</UniqueIdentifier>
    </Filter>
    <Filter Include="W_Wad">
      <UniqueIdentifier>{cdac329c-114d-4f97-bfc8-05dd43343a15}</UniqueIdentifier>
    </Filter>
  </ItemGroup>
  <ItemGroup>
    <ClCompile Include="Dehacked.c">
      <Filter>D_Doom</Filter>
    </ClCompile>
    <ClCompile Include="Dstrings.c">
      <Filter>D_Doom</Filter>
    </ClCompile>
    <ClCompile Include="D_clisrv.c">
      <Filter>D_Doom</Filter>
    </ClCompile>
    <ClCompile Include="D_items.c">
      <Filter>D_Doom</Filter>
    </ClCompile>
    <ClCompile Include="D_main.c">
      <Filter>D_Doom</Filter>
    </ClCompile>
    <ClCompile Include="D_net.c">
      <Filter>D_Doom</Filter>
    </ClCompile>
    <ClCompile Include="D_netcmd.c">
      <Filter>D_Doom</Filter>
    </ClCompile>
    <ClCompile Include="D_netfil.c">
      <Filter>D_Doom</Filter>
    </ClCompile>
    <ClCompile Include="Z_zone.c">
      <Filter>D_Doom</Filter>
    </ClCompile>
    <ClCompile Include="F_finale.c">
      <Filter>F_Finale</Filter>
    </ClCompile>
    <ClCompile Include="F_wipe.c">
      <Filter>F_Finale</Filter>
    </ClCompile>
    <ClCompile Include="G_game.c">
      <Filter>G_Game</Filter>
    </ClCompile>
    <ClCompile Include="G_input.c">
      <Filter>G_Game</Filter>
    </ClCompile>
    <ClCompile Include="g_state.c">
      <Filter>G_Game</Filter>
    </ClCompile>
    <ClCompile Include="Am_map.c">
      <Filter>H_Hud</Filter>
    </ClCompile>
    <ClCompile Include="Command.c">
      <Filter>H_Hud</Filter>
    </ClCompile>
    <ClCompile Include="Console.c">
      <Filter>H_Hud</Filter>
    </ClCompile>
    <ClCompile Include="Hu_stuff.c">
      <Filter>H_Hud</Filter>
    </ClCompile>
    <ClCompile Include="St_lib.c">
      <Filter>H_Hud</Filter>
    </ClCompile>
    <ClCompile Include="St_stuff.c">
      <Filter>H_Hud</Filter>
    </ClCompile>
    <ClCompile Include="Wi_stuff.c">
      <Filter>H_Hud</Filter>
    </ClCompile>
    <ClCompile Include="i_tcp.c">
      <Filter>I_Interface</Filter>
    </ClCompile>
    <ClCompile Include="M_argv.c">
      <Filter>M_Misc</Filter>
    </ClCompile>
    <ClCompile Include="M_bbox.c">
      <Filter>M_Misc</Filter>
    </ClCompile>
    <ClCompile Include="M_cheat.c">
      <Filter>M_Misc</Filter>
    </ClCompile>
    <ClCompile Include="M_fixed.c">
      <Filter>M_Misc</Filter>
    </ClCompile>
    <ClCompile Include="M_menu.c">
      <Filter>M_Misc</Filter>
    </ClCompile>
    <ClCompile Include="M_misc.c">
      <Filter>M_Misc</Filter>
    </ClCompile>
    <ClCompile Include="M_random.c">
      <Filter>M_Misc</Filter>
    </ClCompile>
    <ClCompile Include="M_swap.c">
      <Filter>M_Misc</Filter>
    </ClCompile>
    <ClCompile Include="Info.c">
      <Filter>P_Player</Filter>
    </ClCompile>
    <ClCompile Include="P_ceilng.c">
      <Filter>P_Player</Filter>
    </ClCompile>
    <ClCompile Include="P_doors.c">
      <Filter>P_Player</Filter>
    </ClCompile>
    <ClCompile Include="P_enemy.c">
      <Filter>P_Player</Filter>
    </ClCompile>
    <ClCompile Include="P_fab.c">
      <Filter>P_Player</Filter>
    </ClCompile>
    <ClCompile Include="P_floor.c">
      <Filter>P_Player</Filter>
    </ClCompile>
    <ClCompile Include="P_inter.c">
      <Filter>P_Player</Filter>
    </ClCompile>
    <ClCompile Include="P_lights.c">
      <Filter>P_Player</Filter>
    </ClCompile>
    <ClCompile Include="P_map.c">
      <Filter>P_Player</Filter>
    </ClCompile>
    <ClCompile Include="P_maputl.c">
      <Filter>P_Player</Filter>
    </ClCompile>
    <ClCompile Include="P_mobj.c">
      <Filter>P_Player</Filter>
    </ClCompile>
    <ClCompile Include="P_plats.c">
      <Filter>P_Player</Filter>
    </ClCompile>
    <ClCompile Include="P_pspr.c">
      <Filter>P_Player</Filter>
    </ClCompile>
    <ClCompile Include="P_saveg.c">
      <Filter>P_Player</Filter>
    </ClCompile>
    <ClCompile Include="P_setup.c">
      <Filter>P_Player</Filter>
    </ClCompile>
    <ClCompile Include="P_sight.c">
      <Filter>P_Player</Filter>
    </ClCompile>
    <ClCompile Include="P_spec.c">
      <Filter>P_Player</Filter>
    </ClCompile>
    <ClCompile Include="P_switch.c">
      <Filter>P_Player</Filter>
    </ClCompile>
    <ClCompile Include="P_telept.c">
      <Filter>P_Player</Filter>
    </ClCompile>
    <ClCompile Include="P_tick.c">
      <Filter>P_Player</Filter>
    </ClCompile>
    <ClCompile Include="P_user.c">
      <Filter>P_Player</Filter>
    </ClCompile>
    <ClCompile Include="Tables.c">
      <Filter>P_Player</Filter>
    </ClCompile>
    <ClCompile Include="R_bsp.c">
      <Filter>R_Render</Filter>
    </ClCompile>
    <ClCompile Include="R_data.c">
      <Filter>R_Render</Filter>
    </ClCompile>
    <ClCompile Include="R_draw.c">
      <Filter>R_Render</Filter>
    </ClCompile>
    <ClCompile Include="r_draw16.c">
      <Filter>R_Render</Filter>
    </ClCompile>
    <ClCompile Include="R_draw8.c">
      <Filter>R_Render</Filter>
    </ClCompile>
    <ClCompile Include="R_main.c">
      <Filter>R_Render</Filter>
    </ClCompile>
    <ClCompile Include="R_plane.c">
      <Filter>R_Render</Filter>
    </ClCompile>
    <ClCompile Include="R_segs.c">
      <Filter>R_Render</Filter>
    </ClCompile>
    <ClCompile Include="R_sky.c">
      <Filter>R_Render</Filter>
    </ClCompile>
    <ClCompile Include="r_splats.c">
      <Filter>R_Render</Filter>
    </ClCompile>
    <ClCompile Include="R_things.c">
      <Filter>R_Render</Filter>
    </ClCompile>
    <ClCompile Include="Screen.c">
      <Filter>R_Render</Filter>
    </ClCompile>
    <ClCompile Include="V_video.c">
      <Filter>R_Render</Filter>
    </ClCompile>
    <ClCompile Include="Qmus2mid.c">
      <Filter>S_Sounds</Filter>
    </ClCompile>
    <ClCompile Include="Sounds.c">
      <Filter>S_Sounds</Filter>
    </ClCompile>
    <ClCompile Include="S_sound.c">
      <Filter>S_Sounds</Filter>
    </ClCompile>
    <ClCompile Include="W_wad.c">
      <Filter>W_Wad</Filter>
    </ClCompile>
  </ItemGroup>
  <ItemGroup>
    <ClInclude Include="Dehacked.h">
      <Filter>D_Doom</Filter>
    </ClInclude>
    <ClInclude Include="Doomdata.h">
      <Filter>D_Doom</Filter>
    </ClInclude>
    <ClInclude Include="Doomdef.h">
      <Filter>D_Doom</Filter>
    </ClInclude>
    <ClInclude Include="Doomstat.h">
      <Filter>D_Doom</Filter>
    </ClInclude>
    <ClInclude Include="Doomtype.h">
      <Filter>D_Doom</Filter>
    </ClInclude>
    <ClInclude Include="Dstrings.h">
      <Filter>D_Doom</Filter>
    </ClInclude>
    <ClInclude Include="D_clisrv.h">
      <Filter>D_Doom</Filter>
    </ClInclude>
    <ClInclude Include="D_englsh.h">
      <Filter>D_Doom</Filter>
    </ClInclude>
    <ClInclude Include="D_event.h">
      <Filter>D_Doom</Filter>
    </ClInclude>
    <ClInclude Include="D_french.h">
      <Filter>D_Doom</Filter>
    </ClInclude>
    <ClInclude Include="D_items.h">
      <Filter>D_Doom</Filter>
    </ClInclude>
    <ClInclude Include="D_main.h">
      <Filter>D_Doom</Filter>
    </ClInclude>
    <ClInclude Include="D_net.h">
      <Filter>D_Doom</Filter>
    </ClInclude>
    <ClInclude Include="D_netcmd.h">
      <Filter>D_Doom</Filter>
    </ClInclude>
    <ClInclude Include="d_netfil.h">
      <Filter>D_Doom</Filter>
    </ClInclude>
    <ClInclude Include="D_player.h">
      <Filter>D_Doom</Filter>
    </ClInclude>
    <ClInclude Include="D_think.h">
      <Filter>D_Doom</Filter>
    </ClInclude>
    <ClInclude Include="D_ticcmd.h">
      <Filter>D_Doom</Filter>
    </ClInclude>
    <ClInclude Include="Z_zone.h">
      <Filter>D_Doom</Filter>
    </ClInclude>
    <ClInclude Include="F_finale.h">
      <Filter>F_Finale</Filter>
    </ClInclude>
    <ClInclude Include="F_wipe.h">
      <Filter>F_Finale</Filter>
    </ClInclude>
    <ClInclude Include="G_game.h">
      <Filter>G_Game</Filter>
    </ClInclude>
    <ClInclude Include="G_input.h">
      <Filter>G_Game</Filter>
    </ClInclude>
    <ClInclude Include="g_state.h">
      <Filter>G_Game</Filter>
    </ClInclude>
    <ClInclude Include="Am_map.h">
      <Filter>H_Hud</Filter>
    </ClInclude>
    <ClInclude Include="Command.h">
      <Filter>H_Hud</Filter>
    </ClInclude>
    <ClInclude Include="Console.h">
      <Filter>H_Hud</Filter>
    </ClInclude>
    <ClInclude Include="Hu_stuff.h">
      <Filter>H_Hud</Filter>
    </ClInclude>
    <ClInclude Include="St_lib.h">
      <Filter>H_Hud</Filter>
    </ClInclude>
    <ClInclude Include="St_stuff.h">
      <Filter>H_Hud</Filter>
    </ClInclude>
    <ClInclude Include="Wi_stuff.h">
      <Filter>H_Hud</Filter>
    </ClInclude>
    <ClInclude Include="byteptr.h">
      <Filter>I_Interface</Filter>
    </ClInclude>
    <ClInclude Include="I_net.h">
      <Filter>I_Interface</Filter>
    </ClInclude>
    <ClInclude Include="I_sound.h">
      <Filter>I_Interface</Filter>
    </ClInclude>
    <ClInclude Include="I_system.h">
      <Filter>I_Interface</Filter>
    </ClInclude>
    <ClInclude Include="I_video.h">
      <Filter>I_Interface</Filter>
    </ClInclude>
    <ClInclude Include="Keys.h">
      <Filter>I_Interface</Filter>
    </ClInclude>
    <ClInclude Include="M_argv.h">
      <Filter>M_Misc</Filter>
    </ClInclude>
    <ClInclude Include="M_bbox.h">
      <Filter>M_Misc</Filter>
    </ClInclude>
    <ClInclude Include="M_cheat.h">
      <Filter>M_Misc</Filter>
    </ClInclude>
    <ClInclude Include="M_fixed.h">
      <Filter>M_Misc</Filter>
    </ClInclude>
    <ClInclude Include="M_menu.h">
      <Filter>M_Misc</Filter>
    </ClInclude>
    <ClInclude Include="M_misc.h">
      <Filter>M_Misc</Filter>
    </ClInclude>
    <ClInclude Include="M_random.h">
      <Filter>M_Misc</Filter>
    </ClInclude>
    <ClInclude Include="M_swap.h">
      <Filter>M_Misc</Filter>
    </ClInclude>
    <ClInclude Include="Info.h">
      <Filter>P_Player</Filter>
    </ClInclude>
    <ClInclude Include="P_fab.h">
      <Filter>P_Player</Filter>
    </ClInclude>
    <ClInclude Include="P_inter.h">
      <Filter>P_Player</Filter>
    </ClInclude>
    <ClInclude Include="P_local.h">
      <Filter>P_Player</Filter>
    </ClInclude>
    <ClInclude Include="p_maputl.h">
      <Filter>P_Player</Filter>
    </ClInclude>
    <ClInclude Include="P_mobj.h">
      <Filter>P_Player</Filter>
    </ClInclude>
    <ClInclude Include="P_pspr.h">
      <Filter>P_Player</Filter>
    </ClInclude>
    <ClInclude Include="P_saveg.h">
      <Filter>P_Player</Filter>
    </ClInclude>
    <ClInclude Include="P_setup.h">
      <Filter>P_Player</Filter>
    </ClInclude>
    <ClInclude Include="P_spec.h">
      <Filter>P_Player</Filter>
    </ClInclude>
    <ClInclude Include="P_tick.h">
      <Filter>P_Player</Filter>
    </ClInclude>
    <ClInclude Include="Tables.h">
      <Filter>P_Player</Filter>
    </ClInclude>
    <ClInclude Include="R_bsp.h">
      <Filter>R_Render</Filter>
    </ClInclude>
    <ClInclude Include="R_data.h">
      <Filter>R_Render</Filter>
    </ClInclude>
    <ClInclude Include="R_defs.h">
      <Filter>R_Render</Filter>
    </ClInclude>
    <ClInclude Include="R_draw.h">
      <Filter>R_Render</Filter>
    </ClInclude>
    <ClInclude Include="R_local.h">
      <Filter>R_Render</Filter>
    </ClInclude>
    <ClInclude Include="R_main.h">
      <Filter>R_Render</Filter>
    </ClInclude>
    <ClInclude Include="R_plane.h">
      <Filter>R_Render</Filter>
    </ClInclude>
    <ClInclude Include="R_segs.h">
      <Filter>R_Render</Filter>
    </ClInclude>
    <ClInclude Include="R_sky.h">
      <Filter>R_Render</Filter>
    </ClInclude>
    <ClInclude Include="r_splats.h">
      <Filter>R_Render</Filter>
    </ClInclude>
    <ClInclude Include="R_state.h">
      <Filter>R_Render</Filter>
    </ClInclude>
    <ClInclude Include="R_things.h">
      <Filter>R_Render</Filter>
    </ClInclude>
    <ClInclude Include="Screen.h">
      <Filter>R_Render</Filter>
    </ClInclude>
    <ClInclude Include="Vid_copy.h">
      <Filter>R_Render</Filter>
    </ClInclude>
    <ClInclude Include="V_video.h">
      <Filter>R_Render</Filter>
    </ClInclude>
    <ClInclude Include="Sounds.h">
      <Filter>S_Sounds</Filter>
    </ClInclude>
    <ClInclude Include="S_sound.h">
      <Filter>S_Sounds</Filter>
    </ClInclude>
    <ClInclude Include="W_wad.h">
      <Filter>W_Wad</Filter>
    </ClInclude>
  </ItemGroup>
</Project>